
Microsoft Visual Studio Solution File, Format Version 12.00
# Visual Studio Version 16
VisualStudioVersion = 16.0.30804.86
MinimumVisualStudioVersion = 10.0.40219.1
Project("{FAE04EC0-301F-11D3-BF4B-00C04F79EFBC}") = "ProyectoDatos", "ProyectoDatos\ProyectoDatos.csproj", "{6ABB7B31-9E28-45DF-99E7-E97FA0657D03}"
EndProject
Global
	GlobalSection(SolutionConfigurationPlatforms) = preSolution
		Debug|Any CPU = Debug|Any CPU
		Release|Any CPU = Release|Any CPU
	EndGlobalSection
	GlobalSection(ProjectConfigurationPlatforms) = postSolution
		{6ABB7B31-9E28-45DF-99E7-E97FA0657D03}.Debug|Any CPU.ActiveCfg = Debug|Any CPU
		{6ABB7B31-9E28-45DF-99E7-E97FA0657D03}.Debug|Any CPU.Build.0 = Debug|Any CPU
		{6ABB7B31-9E28-45DF-99E7-E97FA0657D03}.Release|Any CPU.ActiveCfg = Release|Any CPU
		{6ABB7B31-9E28-45DF-99E7-E97FA0657D03}.Release|Any CPU.Build.0 = Release|Any CPU
	EndGlobalSection
	GlobalSection(SolutionProperties) = preSolution
		HideSolutionNode = FALSE
	EndGlobalSection
	GlobalSection(ExtensibilityGlobals) = postSolution
		SolutionGuid = {03A34B3D-AFAF-4E34-8373-0AD5E1BB7166}
	EndGlobalSection
EndGlobal
